
Microsoft Visual Studio Solution File, Format Version 12.00
# Visual Studio 15
VisualStudioVersion = 15.0.28307.271
MinimumVisualStudioVersion = 10.0.40219.1
Project("{FAE04EC0-301F-11D3-BF4B-00C04F79EFBC}") = "CreatZipFile", "CreatZipFile\CreatZipFile.csproj", "{07DBE3F7-C8FD-4C5B-806C-6533BA99F5CD}"
EndProject
Global
	GlobalSection(SolutionConfigurationPlatforms) = preSolution
		Debug|Any CPU = Debug|Any CPU
		Release|Any CPU = Release|Any CPU
	EndGlobalSection
	GlobalSection(ProjectConfigurationPlatforms) = postSolution
		{07DBE3F7-C8FD-4C5B-806C-6533BA99F5CD}.Debug|Any CPU.ActiveCfg = Debug|Any CPU
		{07DBE3F7-C8FD-4C5B-806C-6533BA99F5CD}.Debug|Any CPU.Build.0 = Debug|Any CPU
		{07DBE3F7-C8FD-4C5B-806C-6533BA99F5CD}.Release|Any CPU.ActiveCfg = Release|Any CPU
		{07DBE3F7-C8FD-4C5B-806C-6533BA99F5CD}.Release|Any CPU.Build.0 = Release|Any CPU
	EndGlobalSection
	GlobalSection(SolutionProperties) = preSolution
		HideSolutionNode = FALSE
	EndGlobalSection
	GlobalSection(ExtensibilityGlobals) = postSolution
		SolutionGuid = {A137862E-BEE7-4396-AB67-B2899CB780F1}
	EndGlobalSection
EndGlobal
